
Microsoft Visual Studio Solution File, Format Version 12.00
# Visual Studio Version 17
VisualStudioVersion = 17.5.002.0
MinimumVisualStudioVersion = 10.0.40219.1
Project("{9A19103F-16F7-4668-BE54-9A1E7A4F7556}") = "DSM", "DSM\DSM.csproj", "{42559EFB-9E84-46D8-9C54-AFB928014877}"
EndProject
Project("{9A19103F-16F7-4668-BE54-9A1E7A4F7556}") = "DSM_API", "DSM_API\DSM_API.csproj", "{A34B96CB-D42D-49DB-9B34-BE5EB3CA799B}"
EndProject
Global
	GlobalSection(SolutionConfigurationPlatforms) = preSolution
		Debug|Any CPU = Debug|Any CPU
		Release|Any CPU = Release|Any CPU
	EndGlobalSection
	GlobalSection(ProjectConfigurationPlatforms) = postSolution
		{42559EFB-9E84-46D8-9C54-AFB928014877}.Debug|Any CPU.ActiveCfg = Debug|Any CPU
		{42559EFB-9E84-46D8-9C54-AFB928014877}.Debug|Any CPU.Build.0 = Debug|Any CPU
		{42559EFB-9E84-46D8-9C54-AFB928014877}.Release|Any CPU.ActiveCfg = Release|Any CPU
		{42559EFB-9E84-46D8-9C54-AFB928014877}.Release|Any CPU.Build.0 = Release|Any CPU
		{A34B96CB-D42D-49DB-9B34-BE5EB3CA799B}.Debug|Any CPU.ActiveCfg = Debug|Any CPU
		{A34B96CB-D42D-49DB-9B34-BE5EB3CA799B}.Debug|Any CPU.Build.0 = Debug|Any CPU
		{A34B96CB-D42D-49DB-9B34-BE5EB3CA799B}.Release|Any CPU.ActiveCfg = Release|Any CPU
		{A34B96CB-D42D-49DB-9B34-BE5EB3CA799B}.Release|Any CPU.Build.0 = Release|Any CPU
	EndGlobalSection
	GlobalSection(SolutionProperties) = preSolution
		HideSolutionNode = FALSE
	EndGlobalSection
	GlobalSection(ExtensibilityGlobals) = postSolution
		SolutionGuid = {674E24A8-A0A6-4E6F-B811-5E194C383083}
	EndGlobalSection
EndGlobal
